
Microsoft Visual Studio Solution File, Format Version 12.00
# Visual Studio Version 17
VisualStudioVersion = 17.8.34330.188
MinimumVisualStudioVersion = 10.0.40219.1
Project("{9A19103F-16F7-4668-BE54-9A1E7A4F7556}") = "BasicBilling.API", "BasicBilling.API\BasicBilling.API.csproj", "{ED5A64DE-2DB4-423F-8B64-2DD1589081F7}"
EndProject
Project("{9A19103F-16F7-4668-BE54-9A1E7A4F7556}") = "BasicBilling.Common", "BasicBilling.Common\BasicBilling.Common.csproj", "{A0943C2E-3E5F-4E06-8482-54B5DE8F62C0}"
EndProject
Project("{9A19103F-16F7-4668-BE54-9A1E7A4F7556}") = "BasicBilling.Core", "BasicBilling.Core\BasicBilling.Core.csproj", "{DEEE083E-2C91-4385-8CB0-ACFAF84EEED4}"
EndProject
Project("{9A19103F-16F7-4668-BE54-9A1E7A4F7556}") = "BasicBilling.Domain", "BasicBilling.Domain\BasicBilling.Domain.csproj", "{82A590FC-40EB-46AE-B771-F7F4D156178B}"
EndProject
Project("{9A19103F-16F7-4668-BE54-9A1E7A4F7556}") = "BasicBilling.Persistence", "BasicBilling.Persistence\BasicBilling.Persistence.csproj", "{EEA77F3E-67E1-4712-B10C-B11B5765DBFC}"
EndProject
Project("{9A19103F-16F7-4668-BE54-9A1E7A4F7556}") = "BasicBilling.Tests", "BasicBilling.Tests\BasicBilling.Tests.csproj", "{8E3DA896-D34E-43EE-BD77-FC7AD7EEE3EE}"
EndProject
Global
	GlobalSection(SolutionConfigurationPlatforms) = preSolution
		Debug|Any CPU = Debug|Any CPU
		Release|Any CPU = Release|Any CPU
	EndGlobalSection
	GlobalSection(ProjectConfigurationPlatforms) = postSolution
		{ED5A64DE-2DB4-423F-8B64-2DD1589081F7}.Debug|Any CPU.ActiveCfg = Debug|Any CPU
		{ED5A64DE-2DB4-423F-8B64-2DD1589081F7}.Debug|Any CPU.Build.0 = Debug|Any CPU
		{ED5A64DE-2DB4-423F-8B64-2DD1589081F7}.Release|Any CPU.ActiveCfg = Release|Any CPU
		{ED5A64DE-2DB4-423F-8B64-2DD1589081F7}.Release|Any CPU.Build.0 = Release|Any CPU
		{A0943C2E-3E5F-4E06-8482-54B5DE8F62C0}.Debug|Any CPU.ActiveCfg = Debug|Any CPU
		{A0943C2E-3E5F-4E06-8482-54B5DE8F62C0}.Debug|Any CPU.Build.0 = Debug|Any CPU
		{A0943C2E-3E5F-4E06-8482-54B5DE8F62C0}.Release|Any CPU.ActiveCfg = Release|Any CPU
		{A0943C2E-3E5F-4E06-8482-54B5DE8F62C0}.Release|Any CPU.Build.0 = Release|Any CPU
		{DEEE083E-2C91-4385-8CB0-ACFAF84EEED4}.Debug|Any CPU.ActiveCfg = Debug|Any CPU
		{DEEE083E-2C91-4385-8CB0-ACFAF84EEED4}.Debug|Any CPU.Build.0 = Debug|Any CPU
		{DEEE083E-2C91-4385-8CB0-ACFAF84EEED4}.Release|Any CPU.ActiveCfg = Release|Any CPU
		{DEEE083E-2C91-4385-8CB0-ACFAF84EEED4}.Release|Any CPU.Build.0 = Release|Any CPU
		{82A590FC-40EB-46AE-B771-F7F4D156178B}.Debug|Any CPU.ActiveCfg = Debug|Any CPU
		{82A590FC-40EB-46AE-B771-F7F4D156178B}.Debug|Any CPU.Build.0 = Debug|Any CPU
		{82A590FC-40EB-46AE-B771-F7F4D156178B}.Release|Any CPU.ActiveCfg = Release|Any CPU
		{82A590FC-40EB-46AE-B771-F7F4D156178B}.Release|Any CPU.Build.0 = Release|Any CPU
		{EEA77F3E-67E1-4712-B10C-B11B5765DBFC}.Debug|Any CPU.ActiveCfg = Debug|Any CPU
		{EEA77F3E-67E1-4712-B10C-B11B5765DBFC}.Debug|Any CPU.Build.0 = Debug|Any CPU
		{EEA77F3E-67E1-4712-B10C-B11B5765DBFC}.Release|Any CPU.ActiveCfg = Release|Any CPU
		{EEA77F3E-67E1-4712-B10C-B11B5765DBFC}.Release|Any CPU.Build.0 = Release|Any CPU
		{8E3DA896-D34E-43EE-BD77-FC7AD7EEE3EE}.Debug|Any CPU.ActiveCfg = Debug|Any CPU
		{8E3DA896-D34E-43EE-BD77-FC7AD7EEE3EE}.Debug|Any CPU.Build.0 = Debug|Any CPU
		{8E3DA896-D34E-43EE-BD77-FC7AD7EEE3EE}.Release|Any CPU.ActiveCfg = Release|Any CPU
		{8E3DA896-D34E-43EE-BD77-FC7AD7EEE3EE}.Release|Any CPU.Build.0 = Release|Any CPU
	EndGlobalSection
	GlobalSection(SolutionProperties) = preSolution
		HideSolutionNode = FALSE
	EndGlobalSection
	GlobalSection(ExtensibilityGlobals) = postSolution
		SolutionGuid = {B3156B2C-84A3-47C8-9D5E-E0C3DC7BC70E}
	EndGlobalSection
EndGlobal
